// !$*UTF8*$!
{
	archiveVersion = 1;
	classes = {
	};
	objectVersion = 55;
	objects = {

/* Begin PBXBuildFile section */
		1B63668B2829F99800172A1A /* WeatherAPIManager.swift in Sources */ = {isa = PBXBuildFile; fileRef = 1B63668A2829F99800172A1A /* WeatherAPIManager.swift */; };
		1BDA02DF2828FF0600E75205 /* AppDelegate.swift in Sources */ = {isa = PBXBuildFile; fileRef = 1BDA02DE2828FF0600E75205 /* AppDelegate.swift */; };
		1BDA02E12828FF0600E75205 /* SceneDelegate.swift in Sources */ = {isa = PBXBuildFile; fileRef = 1BDA02E02828FF0600E75205 /* SceneDelegate.swift */; };
		1BDA02E62828FF0600E75205 /* Main.storyboard in Resources */ = {isa = PBXBuildFile; fileRef = 1BDA02E42828FF0600E75205 /* Main.storyboard */; };
		1BDA02E82828FF0800E75205 /* Assets.xcassets in Resources */ = {isa = PBXBuildFile; fileRef = 1BDA02E72828FF0800E75205 /* Assets.xcassets */; };
		1BDA02EB2828FF0800E75205 /* LaunchScreen.storyboard in Resources */ = {isa = PBXBuildFile; fileRef = 1BDA02E92828FF0800E75205 /* LaunchScreen.storyboard */; };
		1BDA02F42828FF3B00E75205 /* Alamofire in Frameworks */ = {isa = PBXBuildFile; productRef = 1BDA02F32828FF3B00E75205 /* Alamofire */; };
		1BDA02F72828FF4700E75205 /* SwiftyJSON in Frameworks */ = {isa = PBXBuildFile; productRef = 1BDA02F62828FF4700E75205 /* SwiftyJSON */; };
		1BDA02FA2828FF5500E75205 /* Kingfisher in Frameworks */ = {isa = PBXBuildFile; productRef = 1BDA02F92828FF5500E75205 /* Kingfisher */; };
		1BDA03002828FFA000E75205 /* Constants.swift in Sources */ = {isa = PBXBuildFile; fileRef = 1BDA02FF2828FFA000E75205 /* Constants.swift */; };
		1BDA0302282901B100E75205 /* WeatherViewController.swift in Sources */ = {isa = PBXBuildFile; fileRef = 1BDA0301282901B100E75205 /* WeatherViewController.swift */; };
		1BDA03062829063C00E75205 /* Alert+Extension.swift in Sources */ = {isa = PBXBuildFile; fileRef = 1BDA03052829063C00E75205 /* Alert+Extension.swift */; };
		1BDA0308282919D700E75205 /* WeatherData.swift in Sources */ = {isa = PBXBuildFile; fileRef = 1BDA0307282919D700E75205 /* WeatherData.swift */; };
/* End PBXBuildFile section */

/* Begin PBXFileReference section */
		1B63668A2829F99800172A1A /* WeatherAPIManager.swift */ = {isa = PBXFileReference; lastKnownFileType = sourcecode.swift; path = WeatherAPIManager.swift; sourceTree = "<group>"; };
		1BDA02DB2828FF0600E75205 /* MyWeatherExample.app */ = {isa = PBXFileReference; explicitFileType = wrapper.application; includeInIndex = 0; path = MyWeatherExample.app; sourceTree = BUILT_PRODUCTS_DIR; };
		1BDA02DE2828FF0600E75205 /* AppDelegate.swift */ = {isa = PBXFileReference; lastKnownFileType = sourcecode.swift; path = AppDelegate.swift; sourceTree = "<group>"; };
		1BDA02E02828FF0600E75205 /* SceneDelegate.swift */ = {isa = PBXFileReference; lastKnownFileType = sourcecode.swift; path = SceneDelegate.swift; sourceTree = "<group>"; };
		1BDA02E52828FF0600E75205 /* Base */ = {isa = PBXFileReference; lastKnownFileType = file.storyboard; name = Base; path = Base.lproj/Main.storyboard; sourceTree = "<group>"; };
		1BDA02E72828FF0800E75205 /* Assets.xcassets */ = {isa = PBXFileReference; lastKnownFileType = folder.assetcatalog; path = Assets.xcassets; sourceTree = "<group>"; };
		1BDA02EA2828FF0800E75205 /* Base */ = {isa = PBXFileReference; lastKnownFileType = file.storyboard; name = Base; path = Base.lproj/LaunchScreen.storyboard; sourceTree = "<group>"; };
		1BDA02EC2828FF0800E75205 /* Info.plist */ = {isa = PBXFileReference; lastKnownFileType = text.plist.xml; path = Info.plist; sourceTree = "<group>"; };
		1BDA02FF2828FFA000E75205 /* Constants.swift */ = {isa = PBXFileReference; lastKnownFileType = sourcecode.swift; path = Constants.swift; sourceTree = "<group>"; };
		1BDA0301282901B100E75205 /* WeatherViewController.swift */ = {isa = PBXFileReference; lastKnownFileType = sourcecode.swift; path = WeatherViewController.swift; sourceTree = "<group>"; };
		1BDA03052829063C00E75205 /* Alert+Extension.swift */ = {isa = PBXFileReference; fileEncoding = 4; lastKnownFileType = sourcecode.swift; path = "Alert+Extension.swift"; sourceTree = "<group>"; };
		1BDA0307282919D700E75205 /* WeatherData.swift */ = {isa = PBXFileReference; lastKnownFileType = sourcecode.swift; path = WeatherData.swift; sourceTree = "<group>"; };
/* End PBXFileReference section */

/* Begin PBXFrameworksBuildPhase section */
		1BDA02D82828FF0600E75205 /* Frameworks */ = {
			isa = PBXFrameworksBuildPhase;
			buildActionMask = 2147483647;
			files = (
				1BDA02FA2828FF5500E75205 /* Kingfisher in Frameworks */,
				1BDA02F72828FF4700E75205 /* SwiftyJSON in Frameworks */,
				1BDA02F42828FF3B00E75205 /* Alamofire in Frameworks */,
			);
			runOnlyForDeploymentPostprocessing = 0;
		};
/* End PBXFrameworksBuildPhase section */

/* Begin PBXGroup section */
		1BDA02D22828FF0600E75205 = {
			isa = PBXGroup;
			children = (
				1BDA02DD2828FF0600E75205 /* MyWeatherExample */,
				1BDA02DC2828FF0600E75205 /* Products */,
			);
			sourceTree = "<group>";
		};
		1BDA02DC2828FF0600E75205 /* Products */ = {
			isa = PBXGroup;
			children = (
				1BDA02DB2828FF0600E75205 /* MyWeatherExample.app */,
			);
			name = Products;
			sourceTree = "<group>";
		};
		1BDA02DD2828FF0600E75205 /* MyWeatherExample */ = {
			isa = PBXGroup;
			children = (
				1BDA03052829063C00E75205 /* Alert+Extension.swift */,
				1BDA02DE2828FF0600E75205 /* AppDelegate.swift */,
				1BDA02E02828FF0600E75205 /* SceneDelegate.swift */,
				1BDA02FF2828FFA000E75205 /* Constants.swift */,
				1B63668A2829F99800172A1A /* WeatherAPIManager.swift */,
				1BDA02E42828FF0600E75205 /* Main.storyboard */,
				1BDA0301282901B100E75205 /* WeatherViewController.swift */,
				1BDA0307282919D700E75205 /* WeatherData.swift */,
				1BDA02E72828FF0800E75205 /* Assets.xcassets */,
				1BDA02E92828FF0800E75205 /* LaunchScreen.storyboard */,
				1BDA02EC2828FF0800E75205 /* Info.plist */,
			);
			path = MyWeatherExample;
			sourceTree = "<group>";
		};
/* End PBXGroup section */

/* Begin PBXNativeTarget section */
		1BDA02DA2828FF0600E75205 /* MyWeatherExample */ = {
			isa = PBXNativeTarget;
			buildConfigurationList = 1BDA02EF2828FF0800E75205 /* Build configuration list for PBXNativeTarget "MyWeatherExample" */;
			buildPhases = (
				1BDA02D72828FF0600E75205 /* Sources */,
				1BDA02D82828FF0600E75205 /* Frameworks */,
				1BDA02D92828FF0600E75205 /* Resources */,
			);
			buildRules = (
			);
			dependencies = (
			);
			name = MyWeatherExample;
			packageProductDependencies = (
				1BDA02F32828FF3B00E75205 /* Alamofire */,
				1BDA02F62828FF4700E75205 /* SwiftyJSON */,
				1BDA02F92828FF5500E75205 /* Kingfisher */,
			);
			productName = MyWeatherExample;
			productReference = 1BDA02DB2828FF0600E75205 /* MyWeatherExample.app */;
			productType = "com.apple.product-type.application";
		};
/* End PBXNativeTarget section */

/* Begin PBXProject section */
		1BDA02D32828FF0600E75205 /* Project object */ = {
			isa = PBXProject;
			attributes = {
				BuildIndependentTargetsInParallel = 1;
				LastSwiftUpdateCheck = 1330;
				LastUpgradeCheck = 1330;
				TargetAttributes = {
					1BDA02DA2828FF0600E75205 = {
						CreatedOnToolsVersion = 13.3.1;
					};
				};
			};
			buildConfigurationList = 1BDA02D62828FF0600E75205 /* Build configuration list for PBXProject "MyWeatherExample" */;
			compatibilityVersion = "Xcode 13.0";
			developmentRegion = en;
			hasScannedForEncodings = 0;
			knownRegions = (
				en,
				Base,
			);
			mainGroup = 1BDA02D22828FF0600E75205;
			packageReferences = (
				1BDA02F22828FF3B00E75205 /* XCRemoteSwiftPackageReference "Alamofire" */,
				1BDA02F52828FF4700E75205 /* XCRemoteSwiftPackageReference "SwiftyJSON" */,
				1BDA02F82828FF5500E75205 /* XCRemoteSwiftPackageReference "Kingfisher" */,
			);
			productRefGroup = 1BDA02DC2828FF0600E75205 /* Products */;
			projectDirPath = "";
			projectRoot = "";
			targets = (
				1BDA02DA2828FF0600E75205 /* MyWeatherExample */,
			);
		};
/* End PBXProject section */

/* Begin PBXResourcesBuildPhase section */
		1BDA02D92828FF0600E75205 /* Resources */ = {
			isa = PBXResourcesBuildPhase;
			buildActionMask = 2147483647;
			files = (
				1BDA02EB2828FF0800E75205 /* LaunchScreen.storyboard in Resources */,
				1BDA02E82828FF0800E75205 /* Assets.xcassets in Resources */,
				1BDA02E62828FF0600E75205 /* Main.storyboard in Resources */,
			);
			runOnlyForDeploymentPostprocessing = 0;
		};
/* End PBXResourcesBuildPhase section */

/* Begin PBXSourcesBuildPhase section */
		1BDA02D72828FF0600E75205 /* Sources */ = {
			isa = PBXSourcesBuildPhase;
			buildActionMask = 2147483647;
			files = (
				1BDA02DF2828FF0600E75205 /* AppDelegate.swift in Sources */,
				1BDA03062829063C00E75205 /* Alert+Extension.swift in Sources */,
				1BDA0302282901B100E75205 /* WeatherViewController.swift in Sources */,
				1BDA02E12828FF0600E75205 /* SceneDelegate.swift in Sources */,
				1BDA0308282919D700E75205 /* WeatherData.swift in Sources */,
				1B63668B2829F99800172A1A /* WeatherAPIManager.swift in Sources */,
				1BDA03002828FFA000E75205 /* Constants.swift in Sources */,
			);
			runOnlyForDeploymentPostprocessing = 0;
		};
/* End PBXSourcesBuildPhase section */

/* Begin PBXVariantGroup section */
		1BDA02E42828FF0600E75205 /* Main.storyboard */ = {
			isa = PBXVariantGroup;
			children = (
				1BDA02E52828FF0600E75205 /* Base */,
			);
			name = Main.storyboard;
			sourceTree = "<group>";
		};
		1BDA02E92828FF0800E75205 /* LaunchScreen.storyboard */ = {
			isa = PBXVariantGroup;
			children = (
				1BDA02EA2828FF0800E75205 /* Base */,
			);
			name = LaunchScreen.storyboard;
			sourceTree = "<group>";
		};
/* End PBXVariantGroup section */

/* Begin XCBuildConfiguration section */
		1BDA02ED2828FF0800E75205 /* Debug */ = {
			isa = XCBuildConfiguration;
			buildSettings = {
				ALWAYS_SEARCH_USER_PATHS = NO;
				CLANG_ANALYZER_NONNULL = YES;
				CLANG_ANALYZER_NUMBER_OBJECT_CONVERSION = YES_AGGRESSIVE;
				CLANG_CXX_LANGUAGE_STANDARD = "gnu++17";
				CLANG_ENABLE_MODULES = YES;
				CLANG_ENABLE_OBJC_ARC = YES;
				CLANG_ENABLE_OBJC_WEAK = YES;
				CLANG_WARN_BLOCK_CAPTURE_AUTORELEASING = YES;
				CLANG_WARN_BOOL_CONVERSION = YES;
				CLANG_WARN_COMMA = YES;
				CLANG_WARN_CONSTANT_CONVERSION = YES;
				CLANG_WARN_DEPRECATED_OBJC_IMPLEMENTATIONS = YES;
				CLANG_WARN_DIRECT_OBJC_ISA_USAGE = YES_ERROR;
				CLANG_WARN_DOCUMENTATION_COMMENTS = YES;
				CLANG_WARN_EMPTY_BODY = YES;
				CLANG_WARN_ENUM_CONVERSION = YES;
				CLANG_WARN_INFINITE_RECURSION = YES;
				CLANG_WARN_INT_CONVERSION = YES;
				CLANG_WARN_NON_LITERAL_NULL_CONVERSION = YES;
				CLANG_WARN_OBJC_IMPLICIT_RETAIN_SELF = YES;
				CLANG_WARN_OBJC_LITERAL_CONVERSION = YES;
				CLANG_WARN_OBJC_ROOT_CLASS = YES_ERROR;
				CLANG_WARN_QUOTED_INCLUDE_IN_FRAMEWORK_HEADER = YES;
				CLANG_WARN_RANGE_LOOP_ANALYSIS = YES;
				CLANG_WARN_STRICT_PROTOTYPES = YES;
				CLANG_WARN_SUSPICIOUS_MOVE = YES;
				CLANG_WARN_UNGUARDED_AVAILABILITY = YES_AGGRESSIVE;
				CLANG_WARN_UNREACHABLE_CODE = YES;
				CLANG_WARN__DUPLICATE_METHOD_MATCH = YES;
				COPY_PHASE_STRIP = NO;
				DEBUG_INFORMATION_FORMAT = dwarf;
				ENABLE_STRICT_OBJC_MSGSEND = YES;
				ENABLE_TESTABILITY = YES;
				GCC_C_LANGUAGE_STANDARD = gnu11;
				GCC_DYNAMIC_NO_PIC = NO;
				GCC_NO_COMMON_BLOCKS = YES;
				GCC_OPTIMIZATION_LEVEL = 0;
				GCC_PREPROCESSOR_DEFINITIONS = (
					"DEBUG=1",
					"$(inherited)",
				);
				GCC_WARN_64_TO_32_BIT_CONVERSION = YES;
				GCC_WARN_ABOUT_RETURN_TYPE = YES_ERROR;
				GCC_WARN_UNDECLARED_SELECTOR = YES;
				GCC_WARN_UNINITIALIZED_AUTOS = YES_AGGRESSIVE;
				GCC_WARN_UNUSED_FUNCTION = YES;
				GCC_WARN_UNUSED_VARIABLE = YES;
				IPHONEOS_DEPLOYMENT_TARGET = 15.4;
				MTL_ENABLE_DEBUG_INFO = INCLUDE_SOURCE;
				MTL_FAST_MATH = YES;
				ONLY_ACTIVE_ARCH = YES;
				SDKROOT = iphoneos;
				SWIFT_ACTIVE_COMPILATION_CONDITIONS = DEBUG;
				SWIFT_OPTIMIZATION_LEVEL = "-Onone";
			};
			name = Debug;
		};
		1BDA02EE2828FF0800E75205 /* Release */ = {
			isa = XCBuildConfiguration;
			buildSettings = {
				ALWAYS_SEARCH_USER_PATHS = NO;
				CLANG_ANALYZER_NONNULL = YES;
				CLANG_ANALYZER_NUMBER_OBJECT_CONVERSION = YES_AGGRESSIVE;
				CLANG_CXX_LANGUAGE_STANDARD = "gnu++17";
				CLANG_ENABLE_MODULES = YES;
				CLANG_ENABLE_OBJC_ARC = YES;
				CLANG_ENABLE_OBJC_WEAK = YES;
				CLANG_WARN_BLOCK_CAPTURE_AUTORELEASING = YES;
				CLANG_WARN_BOOL_CONVERSION = YES;
				CLANG_WARN_COMMA = YES;
				CLANG_WARN_CONSTANT_CONVERSION = YES;
				CLANG_WARN_DEPRECATED_OBJC_IMPLEMENTATIONS = YES;
				CLANG_WARN_DIRECT_OBJC_ISA_USAGE = YES_ERROR;
				CLANG_WARN_DOCUMENTATION_COMMENTS = YES;
				CLANG_WARN_EMPTY_BODY = YES;
				CLANG_WARN_ENUM_CONVERSION = YES;
				CLANG_WARN_INFINITE_RECURSION = YES;
				CLANG_WARN_INT_CONVERSION = YES;
				CLANG_WARN_NON_LITERAL_NULL_CONVERSION = YES;
				CLANG_WARN_OBJC_IMPLICIT_RETAIN_SELF = YES;
				CLANG_WARN_OBJC_LITERAL_CONVERSION = YES;
				CLANG_WARN_OBJC_ROOT_CLASS = YES_ERROR;
				CLANG_WARN_QUOTED_INCLUDE_IN_FRAMEWORK_HEADER = YES;
				CLANG_WARN_RANGE_LOOP_ANALYSIS = YES;
				CLANG_WARN_STRICT_PROTOTYPES = YES;
				CLANG_WARN_SUSPICIOUS_MOVE = YES;
				CLANG_WARN_UNGUARDED_AVAILABILITY = YES_AGGRESSIVE;
				CLANG_WARN_UNREACHABLE_CODE = YES;
				CLANG_WARN__DUPLICATE_METHOD_MATCH = YES;
				COPY_PHASE_STRIP = NO;
				DEBUG_INFORMATION_FORMAT = "dwarf-with-dsym";
				ENABLE_NS_ASSERTIONS = NO;
				ENABLE_STRICT_OBJC_MSGSEND = YES;
				GCC_C_LANGUAGE_STANDARD = gnu11;
				GCC_NO_COMMON_BLOCKS = YES;
				GCC_WARN_64_TO_32_BIT_CONVERSION = YES;
				GCC_WARN_ABOUT_RETURN_TYPE = YES_ERROR;
				GCC_WARN_UNDECLARED_SELECTOR = YES;
				GCC_WARN_UNINITIALIZED_AUTOS = YES_AGGRESSIVE;
				GCC_WARN_UNUSED_FUNCTION = YES;
				GCC_WARN_UNUSED_VARIABLE = YES;
				IPHONEOS_DEPLOYMENT_TARGET = 15.4;
				MTL_ENABLE_DEBUG_INFO = NO;
				MTL_FAST_MATH = YES;
				SDKROOT = iphoneos;
				SWIFT_COMPILATION_MODE = wholemodule;
				SWIFT_OPTIMIZATION_LEVEL = "-O";
				VALIDATE_PRODUCT = YES;
			};
			name = Release;
		};
		1BDA02F02828FF0800E75205 /* Debug */ = {
			isa = XCBuildConfiguration;
			buildSettings = {
				ASSETCATALOG_COMPILER_APPICON_NAME = AppIcon;
				ASSETCATALOG_COMPILER_GLOBAL_ACCENT_COLOR_NAME = AccentColor;
				CODE_SIGN_STYLE = Automatic;
				CURRENT_PROJECT_VERSION = 1;
				GENERATE_INFOPLIST_FILE = YES;
				INFOPLIST_FILE = MyWeatherExample/Info.plist;
				INFOPLIST_KEY_UIApplicationSupportsIndirectInputEvents = YES;
				INFOPLIST_KEY_UILaunchStoryboardName = LaunchScreen;
				INFOPLIST_KEY_UIMainStoryboardFile = Main;
				INFOPLIST_KEY_UISupportedInterfaceOrientations_iPad = "UIInterfaceOrientationPortrait UIInterfaceOrientationPortraitUpsideDown UIInterfaceOrientationLandscapeLeft UIInterfaceOrientationLandscapeRight";
				INFOPLIST_KEY_UISupportedInterfaceOrientations_iPhone = "UIInterfaceOrientationPortrait UIInterfaceOrientationLandscapeLeft UIInterfaceOrientationLandscapeRight";
				LD_RUNPATH_SEARCH_PATHS = (
					"$(inherited)",
					"@executable_path/Frameworks",
				);
				MARKETING_VERSION = 1.0;
				PRODUCT_BUNDLE_IDENTIFIER = com.bro.MyWeatherExample;
				PRODUCT_NAME = "$(TARGET_NAME)";
				SWIFT_EMIT_LOC_STRINGS = YES;
				SWIFT_VERSION = 5.0;
				TARGETED_DEVICE_FAMILY = "1,2";
			};
			name = Debug;
		};
		1BDA02F12828FF0800E75205 /* Release */ = {
			isa = XCBuildConfiguration;
			buildSettings = {
				ASSETCATALOG_COMPILER_APPICON_NAME = AppIcon;
				ASSETCATALOG_COMPILER_GLOBAL_ACCENT_COLOR_NAME = AccentColor;
				CODE_SIGN_STYLE = Automatic;
				CURRENT_PROJECT_VERSION = 1;
				GENERATE_INFOPLIST_FILE = YES;
				INFOPLIST_FILE = MyWeatherExample/Info.plist;
				INFOPLIST_KEY_UIApplicationSupportsIndirectInputEvents = YES;
				INFOPLIST_KEY_UILaunchStoryboardName = LaunchScreen;
				INFOPLIST_KEY_UIMainStoryboardFile = Main;
				INFOPLIST_KEY_UISupportedInterfaceOrientations_iPad = "UIInterfaceOrientationPortrait UIInterfaceOrientationPortraitUpsideDown UIInterfaceOrientationLandscapeLeft UIInterfaceOrientationLandscapeRight";
				INFOPLIST_KEY_UISupportedInterfaceOrientations_iPhone = "UIInterfaceOrientationPortrait UIInterfaceOrientationLandscapeLeft UIInterfaceOrientationLandscapeRight";
				LD_RUNPATH_SEARCH_PATHS = (
					"$(inherited)",
					"@executable_path/Frameworks",
				);
				MARKETING_VERSION = 1.0;
				PRODUCT_BUNDLE_IDENTIFIER = com.bro.MyWeatherExample;
				PRODUCT_NAME = "$(TARGET_NAME)";
				SWIFT_EMIT_LOC_STRINGS = YES;
				SWIFT_VERSION = 5.0;
				TARGETED_DEVICE_FAMILY = "1,2";
			};
			name = Release;
		};
/* End XCBuildConfiguration section */

/* Begin XCConfigurationList section */
		1BDA02D62828FF0600E75205 /* Build configuration list for PBXProject "MyWeatherExample" */ = {
			isa = XCConfigurationList;
			buildConfigurations = (
				1BDA02ED2828FF0800E75205 /* Debug */,
				1BDA02EE2828FF0800E75205 /* Release */,
			);
			defaultConfigurationIsVisible = 0;
			defaultConfigurationName = Release;
		};
		1BDA02EF2828FF0800E75205 /* Build configuration list for PBXNativeTarget "MyWeatherExample" */ = {
			isa = XCConfigurationList;
			buildConfigurations = (
				1BDA02F02828FF0800E75205 /* Debug */,
				1BDA02F12828FF0800E75205 /* Release */,
			);
			defaultConfigurationIsVisible = 0;
			defaultConfigurationName = Release;
		};
/* End XCConfigurationList section */

/* Begin XCRemoteSwiftPackageReference section */
		1BDA02F22828FF3B00E75205 /* XCRemoteSwiftPackageReference "Alamofire" */ = {
			isa = XCRemoteSwiftPackageReference;
			repositoryURL = "https://github.com/Alamofire/Alamofire.git";
			requirement = {
				branch = master;
				kind = branch;
			};
		};
		1BDA02F52828FF4700E75205 /* XCRemoteSwiftPackageReference "SwiftyJSON" */ = {
			isa = XCRemoteSwiftPackageReference;
			repositoryURL = "https://github.com/SwiftyJSON/SwiftyJSON.git";
			requirement = {
				branch = master;
				kind = branch;
			};
		};
		1BDA02F82828FF5500E75205 /* XCRemoteSwiftPackageReference "Kingfisher" */ = {
			isa = XCRemoteSwiftPackageReference;
			repositoryURL = "https://github.com/onevcat/Kingfisher.git";
			requirement = {
				branch = master;
				kind = branch;
			};
		};
/* End XCRemoteSwiftPackageReference section */

/* Begin XCSwiftPackageProductDependency section */
		1BDA02F32828FF3B00E75205 /* Alamofire */ = {
			isa = XCSwiftPackageProductDependency;
			package = 1BDA02F22828FF3B00E75205 /* XCRemoteSwiftPackageReference "Alamofire" */;
			productName = Alamofire;
		};
		1BDA02F62828FF4700E75205 /* SwiftyJSON */ = {
			isa = XCSwiftPackageProductDependency;
			package = 1BDA02F52828FF4700E75205 /* XCRemoteSwiftPackageReference "SwiftyJSON" */;
			productName = SwiftyJSON;
		};
		1BDA02F92828FF5500E75205 /* Kingfisher */ = {
			isa = XCSwiftPackageProductDependency;
			package = 1BDA02F82828FF5500E75205 /* XCRemoteSwiftPackageReference "Kingfisher" */;
			productName = Kingfisher;
		};
/* End XCSwiftPackageProductDependency section */
	};
	rootObject = 1BDA02D32828FF0600E75205 /* Project object */;
}
